github.com/MarvinJWendt/testza v0.1.0/go.mod h1:7AxNvlfeHP7Z/hDQ5JtE3OKYT3XFUeLCDE2DQninSqs=
github.com/MarvinJWendt/testza v0.2.1/go.mod h1:God7bhG8n6uQxwdScay+gjm9/LnO4D3kkcZX4hv9Rp8=
github.com/MarvinJWendt/testza v0.2.8/go.mod h1:nwIcjmr0Zz+Rcwfh3/4UhBp7ePKVhuBExvZqnKYWlII=
github.com/MarvinJWendt/testza v0.2.10/go.mod h1:pd+VWsoGUiFtq+hRKSU1Bktnn+DMCSrDrXDpX2bG66k=
github.com/MarvinJWendt/testza v0.2.12/go.mod h1:JOIegYyV7rX+7VZ9r77L/eH6CfJHHzXjB69adAhzZkI=
github.com/atomicgo/cursor v0.0.1 h1:xdogsqa6YYlLfM+GyClC/Lchf7aiMerFiZQn7soTOoU=
github.com/atomicgo/cursor v0.0.1/go.mod h1:cBON2QmmrysudxNBFthvMtN32r3jxVRIvzkUiF/RuIk=
github.com/davecgh/go-spew v1.1.0/go.mod h1:J7Y8YcW2NihsgmVo/mv3lAwl/skON4iLHjSsI+c5H38=
github.com/davecgh/go-spew v1.1.1 h1:vj9j/u1bqnvCEfJOwUhtlOARqs3+rkHYY13jYWTU97c=
github.com/davecgh/go-spew v1.1.1/go.mod h1:J7Y8YcW2NihsgmVo/mv3lAwl/skON4iLHjSsI+c5H38=
github.com/fatih/color v1.13.0 h1:8LOYc1KYPPmyKMuN8QV2DNRWNbLo6LZ0iLs8+mlH53w=
github.com/fatih/color v1.13.0/go.mod h1:kLAiJbzzSOZDVNGyDpeOxJ47H46qBXwg5ILebYFFOfk=
github.com/go-gl/mathgl v1.0.0 h1:t9DznWJlXxxjeeKLIdovCOVJQk/GzDEL7h/h+Ro2B68=
github.com/go-gl/mathgl v1.0.0/go.mod h1:yhpkQzEiH9yPyxDUGzkmgScbaBVlhC06qodikEM0ZwQ=
github.com/google/go-cmp v0.5.6 h1:BKbKCqvP6I+rmFHt06ZmyQtvB8xAkWdhFyr0ZUNZcxQ=
github.com/google/go-cmp v0.5.6/go.mod h1:v8dTdLbMG2kIc/vJvl+f65V22dbkXbowE6jgT/gNBxE=
github.com/google/uuid v1.1.2 h1:EVhdT+1Kseyi1/pUmXKaFxYsDNy9RQYkMWRH68J/W7Y=
github.com/google/uuid v1.1.2/go.mod h1:TIyPZe4MgqvfeYDBFedMoGGpEw/LqOeaOT+nhxU+yHo=
github.com/gookit/color v1.4.2 h1:tXy44JFSFkKnELV6WaMo/lLfu/meqITX3iAV52do7lk=
github.com/gookit/color v1.4.2/go.mod h1:fqRyamkC1W8uxl+lxCQxOT09l/vYfZ+QeiX3rKQHCoQ=
github.com/gorilla/websocket v1.4.2 h1:+/TMaTYc4QFitKJxsQ7Yye35DkWvkdLcvGKqM+x0Ufc=
github.com/gorilla/websocket v1.4.2/go.mod h1:YR8l580nyteQvAITg2hZ9XVh4b55+EU/adAjf1fMHhE=
github.com/klauspost/compress v1.11.1 h1:bPb7nMRdOZYDrpPMTA3EInUQrdgoBinqUuSwlGdKDdE=
github.com/klauspost/compress v1.11.1/go.mod h1:aoV0uJVorq1K+umq18yTdKaF57EivdYsUV+/s2qKfXs=
github.com/klauspost/cpuid/v2 v2.0.9/go.mod h1:FInQzS24/EEf25PyTYn52gqo7WaD8xa0213Md/qVLRg=
github.com/mattn/go-colorable v0.1.9 h1:sqDoxXbdeALODt0DAeJCVp38ps9ZogZEAXjus69YV3U=
github.com/mattn/go-colorable v0.1.9/go.mod h1:u6P/XSegPjTcexA+o6vUJrdnUu04hMope9wVRipJSqc=
github.com/mattn/go-isatty v0.0.12/go.mod h1:cbi8OIDigv2wuxKPP5vlRcQ1OAZbq2CE4Kysco4FUpU=
github.com/mattn/go-isatty v0.0.14 h1:yVuAays6BHfxijgZPzw+3Zlu5yQgKGP2/hcQbHb7S9Y=
github.com/mattn/go-isatty v0.0.14/go.mod h1:7GGIvUiUoEMVVmxf/4nioHXj79iQHKdU27kJ6hsGG94=
github.com/mattn/go-runewidth v0.0.13 h1:lTGmDsbAYt5DmK6OnoV7EuIF1wEIFAcxld6ypU4OSgU=
github.com/mattn/go-runewidth v0.0.13/go.mod h1:Jdepj2loyihRzMpdS35Xk/zdY8IAYHsh153qUoGf23w=
github.com/mattn/go-sqlite3 v1.14.10 h1:MLn+5bFRlWMGoSRmJour3CL1w/qL96mvipqpwQW/Sfk=
github.com/mattn/go-sqlite3 v1.14.10/go.mod h1:NyWgC/yNuGj7Q9rpYnZvas74GogHl5/Z4A/KQRfk6bU=
github.com/muhammadmuzzammil1998/jsonc v0.0.0-20211230184646-baf1f7156737 h1:JFxhe475THdL2ggIfmZYxzRCTQw8lPz3T09mi6c2z6A=
github.com/muhammadmuzzammil1998/jsonc v0.0.0-20211230184646-baf1f7156737/go.mod h1:saF2fIVw4banK0H4+/EuqfFLpRnoy5S+ECwTOCcRcSU=
github.com/pmezard/go-difflib v1.0.0 h1:4DBwDE0NGyQoBHbLQYPwSUPoCMWR5BEzIk/f1lZbAQM=
github.com/pmezard/go-difflib v1.0.0/go.mod h1:iKH77koFhYxTK1pcRnkKkqfTogsbg7gZNVY4sRDYZ/4=
github.com/pterm/pterm v0.12.27/go.mod h1:PhQ89w4i95rhgE+xedAoqous6K9X+r6aSOI2eFF7DZI=
github.com/pterm/pterm v0.12.29/go.mod h1:WI3qxgvoQFFGKGjGnJR849gU0TsEOvKn5Q8LlY1U7lg=
github.com/pterm/pterm v0.12.30/go.mod h1:MOqLIyMOgmTDz9yorcYbcw+HsgoZo3BQfg2wtl3HEFE=
github.com/pterm/pterm v0.12.31/go.mod h1:32ZAWZVXD7ZfG0s8qqHXePte42kdz8ECtRyEejaWgXU=
github.com/pterm/pterm v0.12.33/go.mod h1:x+h2uL+n7CP/rel9+bImHD5lF3nM9vJj80k9ybiiTTE=
github.com/pterm/pterm v0.12.34 h1:6zfluSNr1P3u76TnjOr0ISe+AOZH+MZoFX57Zs1pm0k=
github.com/pterm/pterm v0.12.34/go.mod h1:NjiL09hFhT/vWjQHSj1athJpx6H8cjpHXNAK5bUw8T8=
github.com/rivo/uniseg v0.2.0 h1:S1pD9weZBuJdFmowNwbpi7BJ8TNftyUImj/0WQi72jY=
github.com/rivo/uniseg v0.2.0/go.mod h1:J6wj4VEh+S6ZtnVlnTBMWIodfgj8LQOQFoIToxlJtxc=
github.com/sandertv/go-raknet v1.9.1 h1:nAtrjdTq4OZT9Mimv2A+RDN4ncZDdn/LhBh1QRrEXN8=
github.com/sandertv/go-raknet v1.9.1/go.mod h1:s1lD7LTts74R9csTeI4WlGcp6PmXAGX+DeJlQF3KMlg=
github.com/stretchr/objx v0.1.0/go.mod h1:HFkY916IF+rwdDfMAkV7OtwuqBVzrE8GR6GFx+wExME=
github.com/stretchr/testify v1.3.0/go.mod h1:M5WIy9Dh21IEIfnGCwXGc5bZfKNJtfHm1UVUgZn+9EI=
github.com/stretchr/testify v1.6.1/go.mod h1:6Fq8oRcR53rry900zMqJjRRixrwX3KX962/h/Wwjteg=
github.com/stretchr/testify v1.7.0 h1:nwc3DEeHmmLAfoZucVR881uASk0Mfjw8xYJ99tb5CcY=
github.com/stretchr/testify v1.7.0/go.mod h1:6Fq8oRcR53rry900zMqJjRRixrwX3KX962/h/Wwjteg=
github.com/xo/terminfo v0.0.0-20210125001918-ca9a967f8778 h1:QldyIu/L63oPpyvQmHgvgickp1Yw510KJOqX7H24mg8=
github.com/xo/terminfo v0.0.0-20210125001918-ca9a967f8778/go.mod h1:2MuV+tbUrU1zIOPMxZ5EncGwgmMJsa+9ucAQZXxsObs=
go.uber.org/atomic v1.7.0 h1:ADUqmZGgLDDfbSL9ZmPxKTybcoEYHgpYfELNoN+7hsw=
go.uber.org/atomic v1.7.0/go.mod h1:fEN4uk6kAWBTFdckzkM89CLk9XfWZrxpCo0nPH17wJc=
golang.org/x/crypto v0.0.0-20211215153901-e495a2d5b3d3 h1:0es+/5331RGQPcXlMfP+WrnIIS6dNnNRe0WB02W0F4M=
golang.org/x/crypto v0.0.0-20211215153901-e495a2d5b3d3/go.mod h1:IxCIyHEi3zRg3s0A5j5BB6A9Jmi73HwBIUl50j+osU4=
golang.org/x/image v0.0.0-20190321063152-3fc05d484e9f/go.mod h1:kZ7UVZpmo3dzQBMxlp+ypCbDeSB+sBbTgSJuh5dn5js=
golang.org/x/image v0.0.0-20191009234506-e7c1f5e7dbb8 h1:hVwzHzIUGRjiF7EcUjqNxk3NCfkPxbDKRdnNE1Rpg0U=
golang.org/x/image v0.0.0-20191009234506-e7c1f5e7dbb8/go.mod h1:FeLwcggjj3mMvU+oOTbSwawSJRM1uh48EjtB4UJZlP0=
golang.org/x/net v0.0.0-20211112202133-69e39bad7dc2/go.mod h1:9nx3DQGgdP8bBQD5qxJ1jj9UTztislL4KSBs9R2vV5Y=
golang.org/x/net v0.0.0-20220107192237-5cfca573fb4d h1:62NvYBuaanGXR2ZOfwDFkhhl6X1DUgf8qg3GuQvxZsE=
golang.org/x/net v0.0.0-20220107192237-5cfca573fb4d/go.mod h1:9nx3DQGgdP8bBQD5qxJ1jj9UTztislL4KSBs9R2vV5Y=
golang.org/x/sys v0.0.0-20200116001909-b77594299b42/go.mod h1:h1NjWce9XRLGQEsW7wpKNCjG9DtNlClVuFLEZdDNbEs=
golang.org/x/sys v0.0.0-20200223170610-d5e6a3e2c0ae/go.mod h1:h1NjWce9XRLGQEsW7wpKNCjG9DtNlClVuFLEZdDNbEs=
golang.org/x/sys v0.0.0-20201119102817-f84b799fce68/go.mod h1:h1NjWce9XRLGQEsW7wpKNCjG9DtNlClVuFLEZdDNbEs=
golang.org/x/sys v0.0.0-20210330210617-4fbd30eecc44/go.mod h1:h1NjWce9XRLGQEsW7wpKNCjG9DtNlClVuFLEZdDNbEs=
golang.org/x/sys v0.0.0-20210423082822-04245dca01da/go.mod h1:h1NjWce9XRLGQEsW7wpKNCjG9DtNlClVuFLEZdDNbEs=
golang.org/x/sys v0.0.0-20210615035016-665e8c7367d1/go.mod h1:oPkhp1MJrh7nUepCBck5+mAzfO9JrbApNNgaTdGDITg=
golang.org/x/sys v0.0.0-20210630005230-0f9fa26af87c h1:F1jZWGFhYfh0Ci55sIpILtKKK8p3i2/krTr0H1rg74I=
golang.org/x/sys v0.0.0-20210630005230-0f9fa26af87c/go.mod h1:oPkhp1MJrh7nUepCBck5+mAzfO9JrbApNNgaTdGDITg=
golang.org/x/sys v0.0.0-20211013075003-97ac67df715c h1:taxlMj0D/1sOAuv/CbSD+MMDof2vbyPTqz5FNYKpXt8=
golang.org/x/sys v0.0.0-20211013075003-97ac67df715c/go.mod h1:oPkhp1MJrh7nUepCBck5+mAzfO9JrbApNNgaTdGDITg=
golang.org/x/term v0.0.0-20201126162022-7de9c90e9dd1/go.mod h1:bj7SfCRtBDWHUb9snDiAeCFNEtKQo2Wmx5Cou7ajbmo=
golang.org/x/term v0.0.0-20210220032956-6a3ed077a48d/go.mod h1:bj7SfCRtBDWHUb9snDiAeCFNEtKQo2Wmx5Cou7ajbmo=
golang.org/x/term v0.0.0-20210615171337-6886f2dfbf5b/go.mod h1:jbD1KX2456YbFQfuXm/mYQcufACuNUgVhRMnK/tPxf8=
golang.org/x/term v0.0.0-20210927222741-03fcf44c2211 h1:JGgROgKl9N8DuW20oFS5gxc+lE67/N3FcwmBPMe7ArY=
golang.org/x/term v0.0.0-20210927222741-03fcf44c2211/go.mod h1:jbD1KX2456YbFQfuXm/mYQcufACuNUgVhRMnK/tPxf8=
golang.org/x/text v0.3.0/go.mod h1:NqM8EUOU14njkJ3fqMW+pc6Ldnwhi/IjpwHt7yyuwOQ=
golang.org/x/text v0.3.6/go.mod h1:5Zoc/QRtKVWzQhOtBMvqHzDpF6irO9z98xDceosuGiQ=
golang.org/x/text v0.3.7 h1:olpwvP2KacW1ZWvsR7uQhoyTYvKAupfQrRGBFM352Gk=
golang.org/x/text v0.3.7/go.mod h1:u+2+/6zg+i71rQMx5EYifcz6MCKuco9NR6JIITiCfzQ=
golang.org/x/tools v0.0.0-20180917221912-90fa682c2a6e/go.mod h1:n7NCudcB/nEzxVGmLbDWY5pfWTLqBcC2KZ6jyYvM4mQ=
golang.org/x/xerrors v0.0.0-20191204190536-9bdfabe68543/go.mod h1:I/5z698sn9Ka8TeJc9MKroUUfqBBauWjQqLJ2OPfmY0=
gopkg.in/check.v1 v0.0.0-20161208181325-20d25e280405/go.mod h1:Co6ibVJAznAaIkqp8huTwlJQCZ016jof/cbN4VW5Yz0=
gopkg.in/square/go-jose.v2 v2.6.0 h1:NGk74WTnPKBNUhNzQX7PYcTLUjoq7mzKk2OKbvwk2iI=
gopkg.in/square/go-jose.v2 v2.6.0/go.mod h1:M9dMgbHiYLoDGQrXy7OpJDJWiKiU//h+vD76mk0e1AI=
gopkg.in/yaml.v3 v3.0.0-20200313102051-9f266ea9e77c/go.mod h1:K4uyk7z7BCEPqu6E+C64Yfv1cQ7kz7rIZviUmN+EgEM=
gopkg.in/yaml.v3 v3.0.0-20210107192922-496545a6307b h1:h8qDotaEPuJATrMmW04NCwg7v22aHH28wwpauUhK9Oo=
gopkg.in/yaml.v3 v3.0.0-20210107192922-496545a6307b/go.mod h1:K4uyk7z7BCEPqu6E+C64Yfv1cQ7kz7rIZviUmN+EgEM=
